
Microsoft Visual Studio Solution File, Format Version 12.00
# Visual Studio Version 16
VisualStudioVersion = 16.0.29926.136
MinimumVisualStudioVersion = 10.0.40219.1
Project("{FAE04EC0-301F-11D3-BF4B-00C04F79EFBC}") = "Resources", "Resources\Resources.csproj", "{63E1647F-092C-4F87-A750-61E9485F4B00}"
EndProject
Global
	GlobalSection(SolutionConfigurationPlatforms) = preSolution
		Debug|Any CPU = Debug|Any CPU
		Release|Any CPU = Release|Any CPU
	EndGlobalSection
	GlobalSection(ProjectConfigurationPlatforms) = postSolution
		{63E1647F-092C-4F87-A750-61E9485F4B00}.Debug|Any CPU.ActiveCfg = Debug|Any CPU
		{63E1647F-092C-4F87-A750-61E9485F4B00}.Debug|Any CPU.Build.0 = Debug|Any CPU
		{63E1647F-092C-4F87-A750-61E9485F4B00}.Release|Any CPU.ActiveCfg = Release|Any CPU
		{63E1647F-092C-4F87-A750-61E9485F4B00}.Release|Any CPU.Build.0 = Release|Any CPU
	EndGlobalSection
	GlobalSection(SolutionProperties) = preSolution
		HideSolutionNode = FALSE
	EndGlobalSection
	GlobalSection(ExtensibilityGlobals) = postSolution
		SolutionGuid = {D822AF18-BFE6-442D-A6AE-145E04219E5C}
	EndGlobalSection
EndGlobal
